
Microsoft Visual Studio Solution File, Format Version 12.00
# Visual Studio Version 17
VisualStudioVersion = 17.13.35931.197 d17.13
MinimumVisualStudioVersion = 10.0.40219.1
Project("{FAE04EC0-301F-11D3-BF4B-00C04F79EFBC}") = "CryptoWallet", "CryptoWallet.csproj", "{1AB87844-AF14-42F8-A2CE-199FAAA95A46}"
EndProject
Global
	GlobalSection(SolutionConfigurationPlatforms) = preSolution
		Debug|Any CPU = Debug|Any CPU
		Release|Any CPU = Release|Any CPU
	EndGlobalSection
	GlobalSection(ProjectConfigurationPlatforms) = postSolution
		{1AB87844-AF14-42F8-A2CE-199FAAA95A46}.Debug|Any CPU.ActiveCfg = Debug|Any CPU
		{1AB87844-AF14-42F8-A2CE-199FAAA95A46}.Debug|Any CPU.Build.0 = Debug|Any CPU
		{1AB87844-AF14-42F8-A2CE-199FAAA95A46}.Release|Any CPU.ActiveCfg = Release|Any CPU
		{1AB87844-AF14-42F8-A2CE-199FAAA95A46}.Release|Any CPU.Build.0 = Release|Any CPU
	EndGlobalSection
	GlobalSection(SolutionProperties) = preSolution
		HideSolutionNode = FALSE
	EndGlobalSection
	GlobalSection(ExtensibilityGlobals) = postSolution
		SolutionGuid = {5D94FF42-0469-4634-8E1D-D3CA6F00E34D}
	EndGlobalSection
EndGlobal
